// !$*UTF8*$!
{
	archiveVersion = 1;
	classes = {
	};
	objectVersion = 50;
	objects = {

/* Begin PBXBuildFile section */
		042CE64821C6365000C9097F /* AppDelegate.swift in Sources */ = {isa = PBXBuildFile; fileRef = 042CE64721C6365000C9097F /* AppDelegate.swift */; };
		042CE64A21C6365000C9097F /* ViewController.swift in Sources */ = {isa = PBXBuildFile; fileRef = 042CE64921C6365000C9097F /* ViewController.swift */; };
		042CE64D21C6365000C9097F /* Main.storyboard in Resources */ = {isa = PBXBuildFile; fileRef = 042CE64B21C6365000C9097F /* Main.storyboard */; };
		042CE65021C6365000C9097F /* coreDataDemo.xcdatamodeld in Sources */ = {isa = PBXBuildFile; fileRef = 042CE64E21C6365000C9097F /* coreDataDemo.xcdatamodeld */; };
		042CE65221C6365200C9097F /* Assets.xcassets in Resources */ = {isa = PBXBuildFile; fileRef = 042CE65121C6365200C9097F /* Assets.xcassets */; };
		042CE65521C6365200C9097F /* LaunchScreen.storyboard in Resources */ = {isa = PBXBuildFile; fileRef = 042CE65321C6365200C9097F /* LaunchScreen.storyboard */; };
		042CE65D21C66CC000C9097F /* personsTableViewController.swift in Sources */ = {isa = PBXBuildFile; fileRef = 042CE65C21C66CC000C9097F /* personsTableViewController.swift */; };
		042CE65F21C6772400C9097F /* personViewController.swift in Sources */ = {isa = PBXBuildFile; fileRef = 042CE65E21C6772400C9097F /* personViewController.swift */; };
/* End PBXBuildFile section */

/* Begin PBXFileReference section */
		042CE64421C6365000C9097F /* coreDataDemo.app */ = {isa = PBXFileReference; explicitFileType = wrapper.application; includeInIndex = 0; path = coreDataDemo.app; sourceTree = BUILT_PRODUCTS_DIR; };
		042CE64721C6365000C9097F /* AppDelegate.swift */ = {isa = PBXFileReference; lastKnownFileType = sourcecode.swift; path = AppDelegate.swift; sourceTree = "<group>"; };
		042CE64921C6365000C9097F /* ViewController.swift */ = {isa = PBXFileReference; lastKnownFileType = sourcecode.swift; path = ViewController.swift; sourceTree = "<group>"; };
		042CE64C21C6365000C9097F /* Base */ = {isa = PBXFileReference; lastKnownFileType = file.storyboard; name = Base; path = Base.lproj/Main.storyboard; sourceTree = "<group>"; };
		042CE64F21C6365000C9097F /* coreDataDemo.xcdatamodel */ = {isa = PBXFileReference; lastKnownFileType = wrapper.xcdatamodel; path = coreDataDemo.xcdatamodel; sourceTree = "<group>"; };
		042CE65121C6365200C9097F /* Assets.xcassets */ = {isa = PBXFileReference; lastKnownFileType = folder.assetcatalog; path = Assets.xcassets; sourceTree = "<group>"; };
		042CE65421C6365200C9097F /* Base */ = {isa = PBXFileReference; lastKnownFileType = file.storyboard; name = Base; path = Base.lproj/LaunchScreen.storyboard; sourceTree = "<group>"; };
		042CE65621C6365200C9097F /* Info.plist */ = {isa = PBXFileReference; lastKnownFileType = text.plist.xml; path = Info.plist; sourceTree = "<group>"; };
		042CE65C21C66CC000C9097F /* personsTableViewController.swift */ = {isa = PBXFileReference; lastKnownFileType = sourcecode.swift; path = personsTableViewController.swift; sourceTree = "<group>"; };
		042CE65E21C6772400C9097F /* personViewController.swift */ = {isa = PBXFileReference; lastKnownFileType = sourcecode.swift; path = personViewController.swift; sourceTree = "<group>"; };
/* End PBXFileReference section */

/* Begin PBXFrameworksBuildPhase section */
		042CE64121C6365000C9097F /* Frameworks */ = {
			isa = PBXFrameworksBuildPhase;
			buildActionMask = 2147483647;
			files = (
			);
			runOnlyForDeploymentPostprocessing = 0;
		};
/* End PBXFrameworksBuildPhase section */

/* Begin PBXGroup section */
		042CE63B21C6365000C9097F = {
			isa = PBXGroup;
			children = (
				042CE64621C6365000C9097F /* coreDataDemo */,
				042CE64521C6365000C9097F /* Products */,
			);
			sourceTree = "<group>";
		};
		042CE64521C6365000C9097F /* Products */ = {
			isa = PBXGroup;
			children = (
				042CE64421C6365000C9097F /* coreDataDemo.app */,
			);
			name = Products;
			sourceTree = "<group>";
		};
		042CE64621C6365000C9097F /* coreDataDemo */ = {
			isa = PBXGroup;
			children = (
				042CE64721C6365000C9097F /* AppDelegate.swift */,
				042CE64921C6365000C9097F /* ViewController.swift */,
				042CE64B21C6365000C9097F /* Main.storyboard */,
				042CE65E21C6772400C9097F /* personViewController.swift */,
				042CE65C21C66CC000C9097F /* personsTableViewController.swift */,
				042CE65121C6365200C9097F /* Assets.xcassets */,
				042CE65321C6365200C9097F /* LaunchScreen.storyboard */,
				042CE65621C6365200C9097F /* Info.plist */,
				042CE64E21C6365000C9097F /* coreDataDemo.xcdatamodeld */,
			);
			path = coreDataDemo;
			sourceTree = "<group>";
		};
/* End PBXGroup section */

/* Begin PBXNativeTarget section */
		042CE64321C6365000C9097F /* coreDataDemo */ = {
			isa = PBXNativeTarget;
			buildConfigurationList = 042CE65921C6365200C9097F /* Build configuration list for PBXNativeTarget "coreDataDemo" */;
			buildPhases = (
				042CE64021C6365000C9097F /* Sources */,
				042CE64121C6365000C9097F /* Frameworks */,
				042CE64221C6365000C9097F /* Resources */,
			);
			buildRules = (
			);
			dependencies = (
			);
			name = coreDataDemo;
			productName = coreDataDemo;
			productReference = 042CE64421C6365000C9097F /* coreDataDemo.app */;
			productType = "com.apple.product-type.application";
		};
/* End PBXNativeTarget section */

/* Begin PBXProject section */
		042CE63C21C6365000C9097F /* Project object */ = {
			isa = PBXProject;
			attributes = {
				LastSwiftUpdateCheck = 0940;
				LastUpgradeCheck = 0940;
				ORGANIZATIONNAME = mac;
				TargetAttributes = {
					042CE64321C6365000C9097F = {
						CreatedOnToolsVersion = 9.4.1;
					};
				};
			};
			buildConfigurationList = 042CE63F21C6365000C9097F /* Build configuration list for PBXProject "coreDataDemo" */;
			compatibilityVersion = "Xcode 9.3";
			developmentRegion = en;
			hasScannedForEncodings = 0;
			knownRegions = (
				en,
				Base,
			);
			mainGroup = 042CE63B21C6365000C9097F;
			productRefGroup = 042CE64521C6365000C9097F /* Products */;
			projectDirPath = "";
			projectRoot = "";
			targets = (
				042CE64321C6365000C9097F /* coreDataDemo */,
			);
		};
/* End PBXProject section */

/* Begin PBXResourcesBuildPhase section */
		042CE64221C6365000C9097F /* Resources */ = {
			isa = PBXResourcesBuildPhase;
			buildActionMask = 2147483647;
			files = (
				042CE65521C6365200C9097F /* LaunchScreen.storyboard in Resources */,
				042CE65221C6365200C9097F /* Assets.xcassets in Resources */,
				042CE64D21C6365000C9097F /* Main.storyboard in Resources */,
			);
			runOnlyForDeploymentPostprocessing = 0;
		};
/* End PBXResourcesBuildPhase section */

/* Begin PBXSourcesBuildPhase section */
		042CE64021C6365000C9097F /* Sources */ = {
			isa = PBXSourcesBuildPhase;
			buildActionMask = 2147483647;
			files = (
				042CE65D21C66CC000C9097F /* personsTableViewController.swift in Sources */,
				042CE65F21C6772400C9097F /* personViewController.swift in Sources */,
				042CE65021C6365000C9097F /* coreDataDemo.xcdatamodeld in Sources */,
				042CE64A21C6365000C9097F /* ViewController.swift in Sources */,
				042CE64821C6365000C9097F /* AppDelegate.swift in Sources */,
			);
			runOnlyForDeploymentPostprocessing = 0;
		};
/* End PBXSourcesBuildPhase section */

/* Begin PBXVariantGroup section */
		042CE64B21C6365000C9097F /* Main.storyboard */ = {
			isa = PBXVariantGroup;
			children = (
				042CE64C21C6365000C9097F /* Base */,
			);
			name = Main.storyboard;
			sourceTree = "<group>";
		};
		042CE65321C6365200C9097F /* LaunchScreen.storyboard */ = {
			isa = PBXVariantGroup;
			children = (
				042CE65421C6365200C9097F /* Base */,
			);
			name = LaunchScreen.storyboard;
			sourceTree = "<group>";
		};
/* End PBXVariantGroup section */

/* Begin XCBuildConfiguration section */
		042CE65721C6365200C9097F /* Debug */ = {
			isa = XCBuildConfiguration;
			buildSettings = {
				ALWAYS_SEARCH_USER_PATHS = NO;
				CLANG_ANALYZER_NONNULL = YES;
				CLANG_ANALYZER_NUMBER_OBJECT_CONVERSION = YES_AGGRESSIVE;
				CLANG_CXX_LANGUAGE_STANDARD = "gnu++14";
				CLANG_CXX_LIBRARY = "libc++";
				CLANG_ENABLE_MODULES = YES;
				CLANG_ENABLE_OBJC_ARC = YES;
				CLANG_ENABLE_OBJC_WEAK = YES;
				CLANG_WARN_BLOCK_CAPTURE_AUTORELEASING = YES;
				CLANG_WARN_BOOL_CONVERSION = YES;
				CLANG_WARN_COMMA = YES;
				CLANG_WARN_CONSTANT_CONVERSION = YES;
				CLANG_WARN_DEPRECATED_OBJC_IMPLEMENTATIONS = YES;
				CLANG_WARN_DIRECT_OBJC_ISA_USAGE = YES_ERROR;
				CLANG_WARN_DOCUMENTATION_COMMENTS = YES;
				CLANG_WARN_EMPTY_BODY = YES;
				CLANG_WARN_ENUM_CONVERSION = YES;
				CLANG_WARN_INFINITE_RECURSION = YES;
				CLANG_WARN_INT_CONVERSION = YES;
				CLANG_WARN_NON_LITERAL_NULL_CONVERSION = YES;
				CLANG_WARN_OBJC_IMPLICIT_RETAIN_SELF = YES;
				CLANG_WARN_OBJC_LITERAL_CONVERSION = YES;
				CLANG_WARN_OBJC_ROOT_CLASS = YES_ERROR;
				CLANG_WARN_RANGE_LOOP_ANALYSIS = YES;
				CLANG_WARN_STRICT_PROTOTYPES = YES;
				CLANG_WARN_SUSPICIOUS_MOVE = YES;
				CLANG_WARN_UNGUARDED_AVAILABILITY = YES_AGGRESSIVE;
				CLANG_WARN_UNREACHABLE_CODE = YES;
				CLANG_WARN__DUPLICATE_METHOD_MATCH = YES;
				CODE_SIGN_IDENTITY = "iPhone Developer";
				COPY_PHASE_STRIP = NO;
				DEBUG_INFORMATION_FORMAT = dwarf;
				ENABLE_STRICT_OBJC_MSGSEND = YES;
				ENABLE_TESTABILITY = YES;
				GCC_C_LANGUAGE_STANDARD = gnu11;
				GCC_DYNAMIC_NO_PIC = NO;
				GCC_NO_COMMON_BLOCKS = YES;
				GCC_OPTIMIZATION_LEVEL = 0;
				GCC_PREPROCESSOR_DEFINITIONS = (
					"DEBUG=1",
					"$(inherited)",
				);
				GCC_WARN_64_TO_32_BIT_CONVERSION = YES;
				GCC_WARN_ABOUT_RETURN_TYPE = YES_ERROR;
				GCC_WARN_UNDECLARED_SELECTOR = YES;
				GCC_WARN_UNINITIALIZED_AUTOS = YES_AGGRESSIVE;
				GCC_WARN_UNUSED_FUNCTION = YES;
				GCC_WARN_UNUSED_VARIABLE = YES;
				IPHONEOS_DEPLOYMENT_TARGET = 11.4;
				MTL_ENABLE_DEBUG_INFO = YES;
				ONLY_ACTIVE_ARCH = YES;
				SDKROOT = iphoneos;
				SWIFT_ACTIVE_COMPILATION_CONDITIONS = DEBUG;
				SWIFT_OPTIMIZATION_LEVEL = "-Onone";
			};
			name = Debug;
		};
		042CE65821C6365200C9097F /* Release */ = {
			isa = XCBuildConfiguration;
			buildSettings = {
				ALWAYS_SEARCH_USER_PATHS = NO;
				CLANG_ANALYZER_NONNULL = YES;
				CLANG_ANALYZER_NUMBER_OBJECT_CONVERSION = YES_AGGRESSIVE;
				CLANG_CXX_LANGUAGE_STANDARD = "gnu++14";
				CLANG_CXX_LIBRARY = "libc++";
				CLANG_ENABLE_MODULES = YES;
				CLANG_ENABLE_OBJC_ARC = YES;
				CLANG_ENABLE_OBJC_WEAK = YES;
				CLANG_WARN_BLOCK_CAPTURE_AUTORELEASING = YES;
				CLANG_WARN_BOOL_CONVERSION = YES;
				CLANG_WARN_COMMA = YES;
				CLANG_WARN_CONSTANT_CONVERSION = YES;
				CLANG_WARN_DEPRECATED_OBJC_IMPLEMENTATIONS = YES;
				CLANG_WARN_DIRECT_OBJC_ISA_USAGE = YES_ERROR;
				CLANG_WARN_DOCUMENTATION_COMMENTS = YES;
				CLANG_WARN_EMPTY_BODY = YES;
				CLANG_WARN_ENUM_CONVERSION = YES;
				CLANG_WARN_INFINITE_RECURSION = YES;
				CLANG_WARN_INT_CONVERSION = YES;
				CLANG_WARN_NON_LITERAL_NULL_CONVERSION = YES;
				CLANG_WARN_OBJC_IMPLICIT_RETAIN_SELF = YES;
				CLANG_WARN_OBJC_LITERAL_CONVERSION = YES;
				CLANG_WARN_OBJC_ROOT_CLASS = YES_ERROR;
				CLANG_WARN_RANGE_LOOP_ANALYSIS = YES;
				CLANG_WARN_STRICT_PROTOTYPES = YES;
				CLANG_WARN_SUSPICIOUS_MOVE = YES;
				CLANG_WARN_UNGUARDED_AVAILABILITY = YES_AGGRESSIVE;
				CLANG_WARN_UNREACHABLE_CODE = YES;
				CLANG_WARN__DUPLICATE_METHOD_MATCH = YES;
				CODE_SIGN_IDENTITY = "iPhone Developer";
				COPY_PHASE_STRIP = NO;
				DEBUG_INFORMATION_FORMAT = "dwarf-with-dsym";
				ENABLE_NS_ASSERTIONS = NO;
				ENABLE_STRICT_OBJC_MSGSEND = YES;
				GCC_C_LANGUAGE_STANDARD = gnu11;
				GCC_NO_COMMON_BLOCKS = YES;
				GCC_WARN_64_TO_32_BIT_CONVERSION = YES;
				GCC_WARN_ABOUT_RETURN_TYPE = YES_ERROR;
				GCC_WARN_UNDECLARED_SELECTOR = YES;
				GCC_WARN_UNINITIALIZED_AUTOS = YES_AGGRESSIVE;
				GCC_WARN_UNUSED_FUNCTION = YES;
				GCC_WARN_UNUSED_VARIABLE = YES;
				IPHONEOS_DEPLOYMENT_TARGET = 11.4;
				MTL_ENABLE_DEBUG_INFO = NO;
				SDKROOT = iphoneos;
				SWIFT_COMPILATION_MODE = wholemodule;
				SWIFT_OPTIMIZATION_LEVEL = "-O";
				VALIDATE_PRODUCT = YES;
			};
			name = Release;
		};
		042CE65A21C6365200C9097F /* Debug */ = {
			isa = XCBuildConfiguration;
			buildSettings = {
				ASSETCATALOG_COMPILER_APPICON_NAME = AppIcon;
				CODE_SIGN_STYLE = Automatic;
				INFOPLIST_FILE = coreDataDemo/Info.plist;
				LD_RUNPATH_SEARCH_PATHS = (
					"$(inherited)",
					"@executable_path/Frameworks",
				);
				PRODUCT_BUNDLE_IDENTIFIER = "-.coreDataDemo";
				PRODUCT_NAME = "$(TARGET_NAME)";
				SWIFT_VERSION = 4.0;
				TARGETED_DEVICE_FAMILY = "1,2";
			};
			name = Debug;
		};
		042CE65B21C6365200C9097F /* Release */ = {
			isa = XCBuildConfiguration;
			buildSettings = {
				ASSETCATALOG_COMPILER_APPICON_NAME = AppIcon;
				CODE_SIGN_STYLE = Automatic;
				INFOPLIST_FILE = coreDataDemo/Info.plist;
				LD_RUNPATH_SEARCH_PATHS = (
					"$(inherited)",
					"@executable_path/Frameworks",
				);
				PRODUCT_BUNDLE_IDENTIFIER = "-.coreDataDemo";
				PRODUCT_NAME = "$(TARGET_NAME)";
				SWIFT_VERSION = 4.0;
				TARGETED_DEVICE_FAMILY = "1,2";
			};
			name = Release;
		};
/* End XCBuildConfiguration section */

/* Begin XCConfigurationList section */
		042CE63F21C6365000C9097F /* Build configuration list for PBXProject "coreDataDemo" */ = {
			isa = XCConfigurationList;
			buildConfigurations = (
				042CE65721C6365200C9097F /* Debug */,
				042CE65821C6365200C9097F /* Release */,
			);
			defaultConfigurationIsVisible = 0;
			defaultConfigurationName = Release;
		};
		042CE65921C6365200C9097F /* Build configuration list for PBXNativeTarget "coreDataDemo" */ = {
			isa = XCConfigurationList;
			buildConfigurations = (
				042CE65A21C6365200C9097F /* Debug */,
				042CE65B21C6365200C9097F /* Release */,
			);
			defaultConfigurationIsVisible = 0;
			defaultConfigurationName = Release;
		};
/* End XCConfigurationList section */

/* Begin XCVersionGroup section */
		042CE64E21C6365000C9097F /* coreDataDemo.xcdatamodeld */ = {
			isa = XCVersionGroup;
			children = (
				042CE64F21C6365000C9097F /* coreDataDemo.xcdatamodel */,
			);
			currentVersion = 042CE64F21C6365000C9097F /* coreDataDemo.xcdatamodel */;
			path = coreDataDemo.xcdatamodeld;
			sourceTree = "<group>";
			versionGroupType = wrapper.xcdatamodel;
		};
/* End XCVersionGroup section */
	};
	rootObject = 042CE63C21C6365000C9097F /* Project object */;
}
